
Microsoft Visual Studio Solution File, Format Version 12.00
# Visual Studio Version 16
VisualStudioVersion = 16.0.30907.101
MinimumVisualStudioVersion = 10.0.40219.1
Project("{FAE04EC0-301F-11D3-BF4B-00C04F79EFBC}") = "DataAccess", "DataAccess\DataAccess.csproj", "{7DEBF3A8-2D03-437D-84ED-F9C39FED741C}"
EndProject
Project("{FAE04EC0-301F-11D3-BF4B-00C04F79EFBC}") = "Business", "Business\Business.csproj", "{8D9C9DD2-20E0-4D35-91E7-98F1A72C3AAE}"
EndProject
Project("{FAE04EC0-301F-11D3-BF4B-00C04F79EFBC}") = "Entities", "Entities\Entities.csproj", "{AFD8BE8D-F600-4486-ACDA-B115E425CF18}"
EndProject
Project("{FAE04EC0-301F-11D3-BF4B-00C04F79EFBC}") = "ConsoleUI", "ConsoleUI\ConsoleUI.csproj", "{DBC2BEED-ED94-425B-9500-B7F9E364588A}"
EndProject
Global
	GlobalSection(SolutionConfigurationPlatforms) = preSolution
		Debug|Any CPU = Debug|Any CPU
		Release|Any CPU = Release|Any CPU
	EndGlobalSection
	GlobalSection(ProjectConfigurationPlatforms) = postSolution
		{7DEBF3A8-2D03-437D-84ED-F9C39FED741C}.Debug|Any CPU.ActiveCfg = Debug|Any CPU
		{7DEBF3A8-2D03-437D-84ED-F9C39FED741C}.Debug|Any CPU.Build.0 = Debug|Any CPU
		{7DEBF3A8-2D03-437D-84ED-F9C39FED741C}.Release|Any CPU.ActiveCfg = Release|Any CPU
		{7DEBF3A8-2D03-437D-84ED-F9C39FED741C}.Release|Any CPU.Build.0 = Release|Any CPU
		{8D9C9DD2-20E0-4D35-91E7-98F1A72C3AAE}.Debug|Any CPU.ActiveCfg = Debug|Any CPU
		{8D9C9DD2-20E0-4D35-91E7-98F1A72C3AAE}.Debug|Any CPU.Build.0 = Debug|Any CPU
		{8D9C9DD2-20E0-4D35-91E7-98F1A72C3AAE}.Release|Any CPU.ActiveCfg = Release|Any CPU
		{8D9C9DD2-20E0-4D35-91E7-98F1A72C3AAE}.Release|Any CPU.Build.0 = Release|Any CPU
		{AFD8BE8D-F600-4486-ACDA-B115E425CF18}.Debug|Any CPU.ActiveCfg = Debug|Any CPU
		{AFD8BE8D-F600-4486-ACDA-B115E425CF18}.Debug|Any CPU.Build.0 = Debug|Any CPU
		{AFD8BE8D-F600-4486-ACDA-B115E425CF18}.Release|Any CPU.ActiveCfg = Release|Any CPU
		{AFD8BE8D-F600-4486-ACDA-B115E425CF18}.Release|Any CPU.Build.0 = Release|Any CPU
		{DBC2BEED-ED94-425B-9500-B7F9E364588A}.Debug|Any CPU.ActiveCfg = Debug|Any CPU
		{DBC2BEED-ED94-425B-9500-B7F9E364588A}.Debug|Any CPU.Build.0 = Debug|Any CPU
		{DBC2BEED-ED94-425B-9500-B7F9E364588A}.Release|Any CPU.ActiveCfg = Release|Any CPU
		{DBC2BEED-ED94-425B-9500-B7F9E364588A}.Release|Any CPU.Build.0 = Release|Any CPU
	EndGlobalSection
	GlobalSection(SolutionProperties) = preSolution
		HideSolutionNode = FALSE
	EndGlobalSection
	GlobalSection(ExtensibilityGlobals) = postSolution
		SolutionGuid = {CF83EB20-7675-40E0-B9F9-B4AF4C0FC426}
	EndGlobalSection
EndGlobal
